
Microsoft Visual Studio Solution File, Format Version 12.00
# Visual Studio Version 17
VisualStudioVersion = 17.10.35013.160
MinimumVisualStudioVersion = 10.0.40219.1
Project("{8BC9CEB8-8B4A-11D0-8D11-00A0C91BC942}") = "DLLinjec", "DLLinjec\DLLinjec.vcxproj", "{37B97526-126E-4C44-BBDE-390C9E06D04F}"
EndProject
Global
	GlobalSection(SolutionConfigurationPlatforms) = preSolution
		Debug|x64 = Debug|x64
		Debug|x86 = Debug|x86
		Release|x64 = Release|x64
		Release|x86 = Release|x86
	EndGlobalSection
	GlobalSection(ProjectConfigurationPlatforms) = postSolution
		{37B97526-126E-4C44-BBDE-390C9E06D04F}.Debug|x64.ActiveCfg = Debug|x64
		{37B97526-126E-4C44-BBDE-390C9E06D04F}.Debug|x64.Build.0 = Debug|x64
		{37B97526-126E-4C44-BBDE-390C9E06D04F}.Debug|x86.ActiveCfg = Debug|Win32
		{37B97526-126E-4C44-BBDE-390C9E06D04F}.Debug|x86.Build.0 = Debug|Win32
		{37B97526-126E-4C44-BBDE-390C9E06D04F}.Release|x64.ActiveCfg = Release|x64
		{37B97526-126E-4C44-BBDE-390C9E06D04F}.Release|x64.Build.0 = Release|x64
		{37B97526-126E-4C44-BBDE-390C9E06D04F}.Release|x86.ActiveCfg = Release|Win32
		{37B97526-126E-4C44-BBDE-390C9E06D04F}.Release|x86.Build.0 = Release|Win32
	EndGlobalSection
	GlobalSection(SolutionProperties) = preSolution
		HideSolutionNode = FALSE
	EndGlobalSection
	GlobalSection(ExtensibilityGlobals) = postSolution
		SolutionGuid = {F826D301-F88C-4BF7-9548-E280BA9EE845}
	EndGlobalSection
EndGlobal
